{
  "name": "compari5-blinkit-proxy",
  "version": "1.0.0",
  "lockfileVersion": 3,
  "requires": true,
  "packages": {
    "": {
      "name": "compari5-blinkit-proxy",
      "version": "1.0.0",
      "dependencies": {
        "impit": "^0.14.4"
      },
      "engines": {
        "node": ">=20"
      }
    },
    "node_modules/impit": {
      "version": "0.14.4",
      "resolved": "https://registry.npmjs.org/impit/-/impit-0.14.4.tgz",
      "integrity": "sha512-XXAafVQpWIYIchSxT6UufZgVNLewKVg9BJSwQYom7b1VWt/l0m+GPMhc4agK9O7QlAnEiFm1QQcX2RpsmLV6gQ==",
      "license": "Apache-2.0",
      "engines": {
        "node": ">= 20"
      },
      "optionalDependencies": {
        "impit-darwin-arm64": "0.14.4",
        "impit-darwin-x64": "0.14.4",
        "impit-linux-arm64-gnu": "0.14.4",
        "impit-linux-arm64-musl": "0.14.4",
        "impit-linux-x64-gnu": "0.14.4",
        "impit-linux-x64-musl": "0.14.4",
        "impit-win32-arm64-msvc": "0.14.4",
        "impit-win32-x64-msvc": "0.14.4"
      }
    },
    "node_modules/impit-darwin-arm64": {
      "version": "0.14.4",
      "resolved": "https://registry.npmjs.org/impit-darwin-arm64/-/impit-darwin-arm64-0.14.4.tgz",
      "integrity": "sha512-i9fkPXXCB/1qBTGIlS26Z2krmE0wk/1UUlDUFeE1bMtihoUIe8TbeslSnx6pgaSY5ai9H0seUAgS9D4i66Kscg==",
      "cpu": [
        "arm64"
      ],
      "license": "Apache-2.0",
      "optional": true,
      "os": [
        "darwin"
      ],
      "engines": {
        "node": ">= 10"
      }
    },
    "node_modules/impit-darwin-x64": {
      "version": "0.14.4",
      "resolved": "https://registry.npmjs.org/impit-darwin-x64/-/impit-darwin-x64-0.14.4.tgz",
      "integrity": "sha512-p+W0enCZDCsnSwEWOMImpHq71jmVR7J9CjYvqgiFtQD3W+rQb7ilFLYYRalQ0rmrrH8imLRm2skG6V7YQkPwOg==",
      "cpu": [
        "x64"
      ],
      "license": "Apache-2.0",
      "optional": true,
      "os": [
        "darwin"
      ],
      "engines": {
        "node": ">= 10"
      }
    },
    "node_modules/impit-linux-arm64-gnu": {
      "version": "0.14.4",
      "resolved": "https://registry.npmjs.org/impit-linux-arm64-gnu/-/impit-linux-arm64-gnu-0.14.4.tgz",
      "integrity": "sha512-9VVb905sNSPh0dF2sDFbbjSz5JqXCoMPxTery77PyqMCEuxybtW+Yv3U1tCM+CFKSuC39wXmueW+FLwOCS+zIw==",
      "cpu": [
        "arm64"
      ],
      "license": "Apache-2.0",
      "optional": true,
      "os": [
        "linux"
      ],
      "engines": {
        "node": ">= 10"
      }
    },
    "node_modules/impit-linux-arm64-musl": {
      "version": "0.14.4",
      "resolved": "https://registry.npmjs.org/impit-linux-arm64-musl/-/impit-linux-arm64-musl-0.14.4.tgz",
      "integrity": "sha512-PajwrCPCWPey4wjLSWSVFS/mRQXbh8WVrxXdgo6Ej530dyplxIiqcDh0Gr9fWYPriOC8pkcOpRqQ4O+1mH1xfQ==",
      "cpu": [
        "arm64"
      ],
      "license": "Apache-2.0",
      "optional": true,
      "os": [
        "linux"
      ],
      "engines": {
        "node": ">= 10"
      }
    },
    "node_modules/impit-linux-x64-gnu": {
      "version": "0.14.4",
      "resolved": "https://registry.npmjs.org/impit-linux-x64-gnu/-/impit-linux-x64-gnu-0.14.4.tgz",
      "integrity": "sha512-Ly8CweOZ9Qj6BZNhvglJMo56i7tCF7Nw33OdXLZLZRxnBzxd2kI/LXpFsd1LiMkTDaiuLvqLGo7ZpxVt08LdwA==",
      "cpu": [
        "x64"
      ],
      "license": "Apache-2.0",
      "optional": true,
      "os": [
        "linux"
      ],
      "engines": {
        "node": ">= 10"
      }
    },
    "node_modules/impit-linux-x64-musl": {
      "version": "0.14.4",
      "resolved": "https://registry.npmjs.org/impit-linux-x64-musl/-/impit-linux-x64-musl-0.14.4.tgz",
      "integrity": "sha512-dS9wj2phkB+o8OFdWBIFYx23ExH+pcsFMiXmoOwRVdDfUX9reZTmZL4KaiPuhSEBysN/wd46dxB/OzNbnn5hnQ==",
      "cpu": [
        "x64"
      ],
      "license": "Apache-2.0",
      "optional": true,
      "os": [
        "linux"
      ],
      "engines": {
        "node": ">= 10"
      }
    },
    "node_modules/impit-win32-arm64-msvc": {
      "version": "0.14.4",
      "resolved": "https://registry.npmjs.org/impit-win32-arm64-msvc/-/impit-win32-arm64-msvc-0.14.4.tgz",
      "integrity": "sha512-Nga0z+Hmp/HmxEKX0jv1wy2vaT4J44nE6+Z+CNZvvyVWiodWCG9+FvVn4McivgXix7UerspeyPvc174QBHwXEw==",
      "cpu": [
        "arm64"
      ],
      "license": "Apache-2.0",
      "optional": true,
      "os": [
        "win32"
      ],
      "engines": {
        "node": ">= 10"
      }
    },
    "node_modules/impit-win32-x64-msvc": {
      "version": "0.14.4",
      "resolved": "https://registry.npmjs.org/impit-win32-x64-msvc/-/impit-win32-x64-msvc-0.14.4.tgz",
      "integrity": "sha512-v15fn/kcjLEzALB4z+VWTeG1UrtqZQq9n2HNsRUfUgfcgzM1i+KKtKP2RCJ1Fg1YeojQ7B6XGhRtpVVTjh8u+A==",
      "cpu": [
        "x64"
      ],
      "license": "Apache-2.0",
      "optional": true,
      "os": [
        "win32"
      ],
      "engines": {
        "node": ">= 10"
      }
    }
  }
}
